github.com/mattn/go-sqlite3 v1.14.32 h1:JD12Ag3oLy1zQA+BNn74xRgaBbdhbNIDYvQUEuuErjs=
github.com/mattn/go-sqlite3 v1.14.32/go.mod h1:Uh1q+B4BYcTPb+yiD3kU8Ct7aC0hY9fxUwlHK0RXw+Y=
zgo.at/zdb v0.0.0-20251229200430-f9358a291e07 h1:NONbrIGxAZVE3guot1VUCm3SKEMtRS2RZJHpxt3wf8o=
zgo.at/zdb v0.0.0-20251229200430-f9358a291e07/go.mod h1:ICxbUWXzqTRxxRcP/54A3qjbuRftAQ1mbDIxMi4lMik=
zgo.at/zstd v0.0.0-20251128053228-ec259dea6715 h1:WGhTl8paofaxx17xbLm05p7YHJOtKQYZGMFWazihlbI=
zgo.at/zstd v0.0.0-20251128053228-ec259dea6715/go.mod h1:dyNG54iOA/2VkhABg0GsVOZImH35iLeJ0OpVjHUKbyA=
