github.com/lib/pq v1.12.3 h1:tTWxr2YLKwIvK90ZXEw8GP7UFHtcbTtty8zsI+YjrfQ=
github.com/lib/pq v1.12.3/go.mod h1:/p+8NSbOcwzAEI7wiMXFlgydTwcgTr3OSKMsD2BitpA=
zgo.at/zdb v0.0.0-20260303161845-562342f5f7f5 h1:bV+md9+jv3vxQXRJbOGPrUoAn7o27IGOTaDEAa39DJQ=
zgo.at/zdb v0.0.0-20260303161845-562342f5f7f5/go.mod h1:PsM3LYL4QN2Eq6IIC3/uqIGmYsPnN0kqvlz7BqnUJ+g=
zgo.at/zstd v0.0.0-20260423150213-85e323702691 h1:1vWm2J5kzwDDTR2es42Cu10MD4mCuPI6YyvAknq0j1Y=
zgo.at/zstd v0.0.0-20260423150213-85e323702691/go.mod h1:5vR5jYems3c7xfd8nHny5qMh67gbZwl8IockSF4pDSI=
