filippo.io/edwards25519 v1.1.0 h1:FNf4tywRC1HmFuKW5xopWpigGjJKiJSV0Cqo0cJWDaA=
filippo.io/edwards25519 v1.1.0/go.mod h1:BxyFTGdWcka3PhytdK4V28tE5sGfRvvvRV7EaN4VDT4=
github.com/go-sql-driver/mysql v1.9.3 h1:U/N249h2WzJ3Ukj8SowVFjdtZKfu9vlLZxjPXV1aweo=
github.com/go-sql-driver/mysql v1.9.3/go.mod h1:qn46aNg1333BRMNU69Lq93t8du/dwxI64Gl8i5p1WMU=
zgo.at/zdb v0.0.0-20251229200430-f9358a291e07 h1:NONbrIGxAZVE3guot1VUCm3SKEMtRS2RZJHpxt3wf8o=
zgo.at/zdb v0.0.0-20251229200430-f9358a291e07/go.mod h1:ICxbUWXzqTRxxRcP/54A3qjbuRftAQ1mbDIxMi4lMik=
zgo.at/zstd v0.0.0-20251128053228-ec259dea6715 h1:WGhTl8paofaxx17xbLm05p7YHJOtKQYZGMFWazihlbI=
zgo.at/zstd v0.0.0-20251128053228-ec259dea6715/go.mod h1:dyNG54iOA/2VkhABg0GsVOZImH35iLeJ0OpVjHUKbyA=
