filippo.io/edwards25519 v1.2.0 h1:crnVqOiS4jqYleHd9vaKZ+HKtHfllngJIiOpNpoJsjo=
filippo.io/edwards25519 v1.2.0/go.mod h1:xzAOLCNug/yB62zG1bQ8uziwrIqIuxhctzJT18Q77mc=
github.com/go-sql-driver/mysql v1.9.3 h1:U/N249h2WzJ3Ukj8SowVFjdtZKfu9vlLZxjPXV1aweo=
github.com/go-sql-driver/mysql v1.9.3/go.mod h1:qn46aNg1333BRMNU69Lq93t8du/dwxI64Gl8i5p1WMU=
zgo.at/zdb v0.0.0-20260224134437-9b2b27f2fb77 h1:WijVsG4IiYcBsoPv8iQwRXWFeFr6AM1nWRP80GEit0I=
zgo.at/zdb v0.0.0-20260224134437-9b2b27f2fb77/go.mod h1:Rh4mlrMV0iqNGwfXS7Q7O/ohUp2fcygBvovW4X4V6TM=
zgo.at/zstd v0.0.0-20260223143114-826b370d029b h1:FtG55RY9FOrx1TYX4+b2dn5A8S4ayrBkCirGaQtLbaI=
zgo.at/zstd v0.0.0-20260223143114-826b370d029b/go.mod h1:5vR5jYems3c7xfd8nHny5qMh67gbZwl8IockSF4pDSI=
